
Microsoft Visual Studio Solution File, Format Version 12.00
# Visual Studio 15
VisualStudioVersion = 15.0.27703.2042
MinimumVisualStudioVersion = 10.0.40219.1
Project("{9A19103F-16F7-4668-BE54-9A1E7A4F7556}") = "Asp.netcore", "Asp.netcore\Asp.netcore.csproj", "{D14FE90B-624C-43F0-BF19-B522A6946003}"
EndProject
Project("{FAE04EC0-301F-11D3-BF4B-00C04F79EFBC}") = "Asp.netcoreTest", "Asp.netcoreTest\Asp.netcoreTest.csproj", "{7974FB58-1C48-4A7E-96E8-266AAE178C31}"
EndProject
Global
	GlobalSection(SolutionConfigurationPlatforms) = preSolution
		Debug|Any CPU = Debug|Any CPU
		Release|Any CPU = Release|Any CPU
	EndGlobalSection
	GlobalSection(ProjectConfigurationPlatforms) = postSolution
		{D14FE90B-624C-43F0-BF19-B522A6946003}.Debug|Any CPU.ActiveCfg = Debug|Any CPU
		{D14FE90B-624C-43F0-BF19-B522A6946003}.Debug|Any CPU.Build.0 = Debug|Any CPU
		{D14FE90B-624C-43F0-BF19-B522A6946003}.Release|Any CPU.ActiveCfg = Release|Any CPU
		{D14FE90B-624C-43F0-BF19-B522A6946003}.Release|Any CPU.Build.0 = Release|Any CPU
		{7974FB58-1C48-4A7E-96E8-266AAE178C31}.Debug|Any CPU.ActiveCfg = Debug|Any CPU
		{7974FB58-1C48-4A7E-96E8-266AAE178C31}.Debug|Any CPU.Build.0 = Debug|Any CPU
		{7974FB58-1C48-4A7E-96E8-266AAE178C31}.Release|Any CPU.ActiveCfg = Release|Any CPU
		{7974FB58-1C48-4A7E-96E8-266AAE178C31}.Release|Any CPU.Build.0 = Release|Any CPU
	EndGlobalSection
	GlobalSection(SolutionProperties) = preSolution
		HideSolutionNode = FALSE
	EndGlobalSection
	GlobalSection(ExtensibilityGlobals) = postSolution
		SolutionGuid = {C182FBF3-61AA-4688-8133-D0117C87CBA0}
	EndGlobalSection
EndGlobal
